{
  "name": "js",
  "lockfileVersion": 2,
  "requires": true,
  "packages": {
    "": {
      "dependencies": {
        "cayenne-lpp": "^1.0.2",
        "packet-forwarder-json-builder": "^2.0.6"
      }
    },
    "node_modules/cayenne-lpp": {
      "version": "1.0.2",
      "resolved": "https://registry.npmjs.org/cayenne-lpp/-/cayenne-lpp-1.0.2.tgz",
      "integrity": "sha512-PKNxyn9c4xrKgR/U6x9Kv3r3iMOBca0NTuezsPgaNSAdbOn06Nq1rx+c9XtaD0PV/sLnpi/eD+rBEJw6MFUBOw=="
    },
    "node_modules/crypto-js": {
      "version": "3.3.0",
      "resolved": "https://registry.npmjs.org/crypto-js/-/crypto-js-3.3.0.tgz",
      "integrity": "sha512-DIT51nX0dCfKltpRiXV+/TVZq+Qq2NgF4644+K7Ttnla7zEzqc+kjJyiB96BHNyUTBxyjzRcZYpUdZa+QAqi6Q=="
    },
    "node_modules/lora-packet": {
      "version": "0.7.14",
      "resolved": "https://registry.npmjs.org/lora-packet/-/lora-packet-0.7.14.tgz",
      "integrity": "sha512-phLV6YaBzQri6pKrgv6MjK7sPy96OPLJy38O+iT4lgiFo1dPDGNcB+2srdJgPm0uE5LBqTTn1RWCF4s9YzH7tQ==",
      "dependencies": {
        "crypto-js": "^3.1.9-1",
        "node-aes-cmac": "^0.1.1"
      },
      "bin": {
        "lora-packet-decode": "bin/lora-packet-decode"
      }
    },
    "node_modules/node-aes-cmac": {
      "version": "0.1.1",
      "resolved": "https://registry.npmjs.org/node-aes-cmac/-/node-aes-cmac-0.1.1.tgz",
      "integrity": "sha1-m//4ay9j45SeKCi9hfW2gltwKEQ="
    },
    "node_modules/packet-forwarder-json-builder": {
      "version": "2.0.6",
      "resolved": "https://registry.npmjs.org/packet-forwarder-json-builder/-/packet-forwarder-json-builder-2.0.6.tgz",
      "integrity": "sha512-7FsNj0zijqYmomvA8pRl4UwgXVmaYkLLV2ngjSAxecFXwrkGuZ9VIFnoBJvKYHIxuZ2b1hD3SZcVTIurjeUNjA==",
      "dependencies": {
        "lora-packet": "0.7.14"
      },
      "engines": {
        "node": ">=8.9.4"
      }
    }
  },
  "dependencies": {
    "cayenne-lpp": {
      "version": "1.0.2",
      "resolved": "https://registry.npmjs.org/cayenne-lpp/-/cayenne-lpp-1.0.2.tgz",
      "integrity": "sha512-PKNxyn9c4xrKgR/U6x9Kv3r3iMOBca0NTuezsPgaNSAdbOn06Nq1rx+c9XtaD0PV/sLnpi/eD+rBEJw6MFUBOw=="
    },
    "crypto-js": {
      "version": "3.3.0",
      "resolved": "https://registry.npmjs.org/crypto-js/-/crypto-js-3.3.0.tgz",
      "integrity": "sha512-DIT51nX0dCfKltpRiXV+/TVZq+Qq2NgF4644+K7Ttnla7zEzqc+kjJyiB96BHNyUTBxyjzRcZYpUdZa+QAqi6Q=="
    },
    "lora-packet": {
      "version": "0.7.14",
      "resolved": "https://registry.npmjs.org/lora-packet/-/lora-packet-0.7.14.tgz",
      "integrity": "sha512-phLV6YaBzQri6pKrgv6MjK7sPy96OPLJy38O+iT4lgiFo1dPDGNcB+2srdJgPm0uE5LBqTTn1RWCF4s9YzH7tQ==",
      "requires": {
        "crypto-js": "^3.1.9-1",
        "node-aes-cmac": "^0.1.1"
      }
    },
    "node-aes-cmac": {
      "version": "0.1.1",
      "resolved": "https://registry.npmjs.org/node-aes-cmac/-/node-aes-cmac-0.1.1.tgz",
      "integrity": "sha1-m//4ay9j45SeKCi9hfW2gltwKEQ="
    },
    "packet-forwarder-json-builder": {
      "version": "2.0.6",
      "resolved": "https://registry.npmjs.org/packet-forwarder-json-builder/-/packet-forwarder-json-builder-2.0.6.tgz",
      "integrity": "sha512-7FsNj0zijqYmomvA8pRl4UwgXVmaYkLLV2ngjSAxecFXwrkGuZ9VIFnoBJvKYHIxuZ2b1hD3SZcVTIurjeUNjA==",
      "requires": {
        "lora-packet": "0.7.14"
      }
    }
  }
}
